
Microsoft Visual Studio Solution File, Format Version 12.00
# Visual Studio 15
VisualStudioVersion = 15.0.26730.3
MinimumVisualStudioVersion = 10.0.40219.1
Project("{9A19103F-16F7-4668-BE54-9A1E7A4F7556}") = "GymOrganizer.Auth", "GymOrganizer.Auth\GymOrganizer.Auth.csproj", "{CD97431E-BC9A-4D52-9BB6-AD3FAB716560}"
EndProject
Project("{FAE04EC0-301F-11D3-BF4B-00C04F79EFBC}") = "GymOrganizer.Web", "GymOrganizer.Web\GymOrganizer.Web.csproj", "{CEEB6335-E659-464D-9D45-2EA6FAE8C93A}"
EndProject
Global
	GlobalSection(SolutionConfigurationPlatforms) = preSolution
		Debug|Any CPU = Debug|Any CPU
		Release|Any CPU = Release|Any CPU
	EndGlobalSection
	GlobalSection(ProjectConfigurationPlatforms) = postSolution
		{CD97431E-BC9A-4D52-9BB6-AD3FAB716560}.Debug|Any CPU.ActiveCfg = Debug|Any CPU
		{CD97431E-BC9A-4D52-9BB6-AD3FAB716560}.Debug|Any CPU.Build.0 = Debug|Any CPU
		{CD97431E-BC9A-4D52-9BB6-AD3FAB716560}.Release|Any CPU.ActiveCfg = Release|Any CPU
		{CD97431E-BC9A-4D52-9BB6-AD3FAB716560}.Release|Any CPU.Build.0 = Release|Any CPU
		{CEEB6335-E659-464D-9D45-2EA6FAE8C93A}.Debug|Any CPU.ActiveCfg = Debug|Any CPU
		{CEEB6335-E659-464D-9D45-2EA6FAE8C93A}.Debug|Any CPU.Build.0 = Debug|Any CPU
		{CEEB6335-E659-464D-9D45-2EA6FAE8C93A}.Release|Any CPU.ActiveCfg = Release|Any CPU
		{CEEB6335-E659-464D-9D45-2EA6FAE8C93A}.Release|Any CPU.Build.0 = Release|Any CPU
	EndGlobalSection
	GlobalSection(SolutionProperties) = preSolution
		HideSolutionNode = FALSE
	EndGlobalSection
	GlobalSection(ExtensibilityGlobals) = postSolution
		SolutionGuid = {59AA1A61-1DA0-4672-8E6C-6C604606553C}
	EndGlobalSection
EndGlobal
